<Solution>
  <Project Path="Ecommerce.Api/Ecommerce.Api.csproj" />
  <Project Path="Ecommerce.Core/Ecommerce.Core.csproj" />
  <Project Path="Ecommerce.Infrastructure/Ecommerce.Infrastructure.csproj" />
  <Project Path="Ecommerce.Shared/Ecommerce.Shared.csproj" />
  <Project Path="Ecommerce.Test\Ecommerce.Test.csproj" Type="C#" />
  <Project Path="Ecommerce.UI/Ecommerce.UI.csproj" />
</Solution>